
Microsoft Visual Studio Solution File, Format Version 12.00
# Visual Studio Version 17
VisualStudioVersion = 17.6.33829.357
MinimumVisualStudioVersion = 10.0.40219.1
Project("{FAE04EC0-301F-11D3-BF4B-00C04F79EFBC}") = "02.MarketDesktopApp", "02.MarketDesktopApp\02.MarketDesktopApp.csproj", "{06BFF538-DBE8-41B7-AA61-51D5D0DF3E8D}"
EndProject
Global
	GlobalSection(SolutionConfigurationPlatforms) = preSolution
		Debug|Any CPU = Debug|Any CPU
		Release|Any CPU = Release|Any CPU
	EndGlobalSection
	GlobalSection(ProjectConfigurationPlatforms) = postSolution
		{06BFF538-DBE8-41B7-AA61-51D5D0DF3E8D}.Debug|Any CPU.ActiveCfg = Debug|Any CPU
		{06BFF538-DBE8-41B7-AA61-51D5D0DF3E8D}.Debug|Any CPU.Build.0 = Debug|Any CPU
		{06BFF538-DBE8-41B7-AA61-51D5D0DF3E8D}.Release|Any CPU.ActiveCfg = Release|Any CPU
		{06BFF538-DBE8-41B7-AA61-51D5D0DF3E8D}.Release|Any CPU.Build.0 = Release|Any CPU
	EndGlobalSection
	GlobalSection(SolutionProperties) = preSolution
		HideSolutionNode = FALSE
	EndGlobalSection
	GlobalSection(ExtensibilityGlobals) = postSolution
		SolutionGuid = {9E8FA2F7-838A-4B18-B64B-B11597295F45}
	EndGlobalSection
EndGlobal
